// !$*UTF8*$!
{
	archiveVersion = 1;
	classes = {
	};
	objectVersion = 77;
	objects = {

/* Begin PBXContainerItemProxy section */
		C7B23CFD2F5A50DF008E9B17 /* PBXContainerItemProxy */ = {
			isa = PBXContainerItemProxy;
			containerPortal = C7B23CE72F5A50DC008E9B17 /* Project object */;
			proxyType = 1;
			remoteGlobalIDString = C7B23CEE2F5A50DC008E9B17;
			remoteInfo = OpenTimerCam;
		};
		C7B23D072F5A50DF008E9B17 /* PBXContainerItemProxy */ = {
			isa = PBXContainerItemProxy;
			containerPortal = C7B23CE72F5A50DC008E9B17 /* Project object */;
			proxyType = 1;
			remoteGlobalIDString = C7B23CEE2F5A50DC008E9B17;
			remoteInfo = OpenTimerCam;
		};
/* End PBXContainerItemProxy section */

/* Begin PBXFileReference section */
		C7B23CEF2F5A50DC008E9B17 /* OpenTimerCam.app */ = {isa = PBXFileReference; explicitFileType = wrapper.application; includeInIndex = 0; path = OpenTimerCam.app; sourceTree = BUILT_PRODUCTS_DIR; };
		C7B23CFC2F5A50DF008E9B17 /* OpenTimerCamTests.xctest */ = {isa = PBXFileReference; explicitFileType = wrapper.cfbundle; includeInIndex = 0; path = OpenTimerCamTests.xctest; sourceTree = BUILT_PRODUCTS_DIR; };
		C7B23D062F5A50DF008E9B17 /* OpenTimerCamUITests.xctest */ = {isa = PBXFileReference; explicitFileType = wrapper.cfbundle; includeInIndex = 0; path = OpenTimerCamUITests.xctest; sourceTree = BUILT_PRODUCTS_DIR; };
/* End PBXFileReference section */

/* Begin PBXFileSystemSynchronizedRootGroup section */
		C7B23CF12F5A50DC008E9B17 /* OpenTimerCam */ = {
			isa = PBXFileSystemSynchronizedRootGroup;
			path = OpenTimerCam;
			sourceTree = "<group>";
		};
		C7B23CFF2F5A50DF008E9B17 /* OpenTimerCamTests */ = {
			isa = PBXFileSystemSynchronizedRootGroup;
			path = OpenTimerCamTests;
			sourceTree = "<group>";
		};
		C7B23D092F5A50DF008E9B17 /* OpenTimerCamUITests */ = {
			isa = PBXFileSystemSynchronizedRootGroup;
			path = OpenTimerCamUITests;
			sourceTree = "<group>";
		};
/* End PBXFileSystemSynchronizedRootGroup section */

/* Begin PBXFrameworksBuildPhase section */
		C7B23CEC2F5A50DC008E9B17 /* Frameworks */ = {
			isa = PBXFrameworksBuildPhase;
			buildActionMask = 2147483647;
			files = (
			);
			runOnlyForDeploymentPostprocessing = 0;
		};
		C7B23CF92F5A50DF008E9B17 /* Frameworks */ = {
			isa = PBXFrameworksBuildPhase;
			buildActionMask = 2147483647;
			files = (
			);
			runOnlyForDeploymentPostprocessing = 0;
		};
		C7B23D032F5A50DF008E9B17 /* Frameworks */ = {
			isa = PBXFrameworksBuildPhase;
			buildActionMask = 2147483647;
			files = (
			);
			runOnlyForDeploymentPostprocessing = 0;
		};
/* End PBXFrameworksBuildPhase section */

/* Begin PBXGroup section */
		C7B23CE62F5A50DC008E9B17 = {
			isa = PBXGroup;
			children = (
				C7B23CF12F5A50DC008E9B17 /* OpenTimerCam */,
				C7B23CFF2F5A50DF008E9B17 /* OpenTimerCamTests */,
				C7B23D092F5A50DF008E9B17 /* OpenTimerCamUITests */,
				C7B23CF02F5A50DC008E9B17 /* Products */,
			);
			sourceTree = "<group>";
		};
		C7B23CF02F5A50DC008E9B17 /* Products */ = {
			isa = PBXGroup;
			children = (
				C7B23CEF2F5A50DC008E9B17 /* OpenTimerCam.app */,
				C7B23CFC2F5A50DF008E9B17 /* OpenTimerCamTests.xctest */,
				C7B23D062F5A50DF008E9B17 /* OpenTimerCamUITests.xctest */,
			);
			name = Products;
			sourceTree = "<group>";
		};
/* End PBXGroup section */

/* Begin PBXNativeTarget section */
		C7B23CEE2F5A50DC008E9B17 /* OpenTimerCam */ = {
			isa = PBXNativeTarget;
			buildConfigurationList = C7B23D102F5A50DF008E9B17 /* Build configuration list for PBXNativeTarget "OpenTimerCam" */;
			buildPhases = (
				C7B23CEB2F5A50DC008E9B17 /* Sources */,
				C7B23CEC2F5A50DC008E9B17 /* Frameworks */,
				C7B23CED2F5A50DC008E9B17 /* Resources */,
			);
			buildRules = (
			);
			dependencies = (
			);
			fileSystemSynchronizedGroups = (
				C7B23CF12F5A50DC008E9B17 /* OpenTimerCam */,
			);
			name = OpenTimerCam;
			packageProductDependencies = (
			);
			productName = OpenTimerCam;
			productReference = C7B23CEF2F5A50DC008E9B17 /* OpenTimerCam.app */;
			productType = "com.apple.product-type.application";
		};
		C7B23CFB2F5A50DF008E9B17 /* OpenTimerCamTests */ = {
			isa = PBXNativeTarget;
			buildConfigurationList = C7B23D132F5A50DF008E9B17 /* Build configuration list for PBXNativeTarget "OpenTimerCamTests" */;
			buildPhases = (
				C7B23CF82F5A50DF008E9B17 /* Sources */,
				C7B23CF92F5A50DF008E9B17 /* Frameworks */,
				C7B23CFA2F5A50DF008E9B17 /* Resources */,
			);
			buildRules = (
			);
			dependencies = (
				C7B23CFE2F5A50DF008E9B17 /* PBXTargetDependency */,
			);
			fileSystemSynchronizedGroups = (
				C7B23CFF2F5A50DF008E9B17 /* OpenTimerCamTests */,
			);
			name = OpenTimerCamTests;
			packageProductDependencies = (
			);
			productName = OpenTimerCamTests;
			productReference = C7B23CFC2F5A50DF008E9B17 /* OpenTimerCamTests.xctest */;
			productType = "com.apple.product-type.bundle.unit-test";
		};
		C7B23D052F5A50DF008E9B17 /* OpenTimerCamUITests */ = {
			isa = PBXNativeTarget;
			buildConfigurationList = C7B23D162F5A50DF008E9B17 /* Build configuration list for PBXNativeTarget "OpenTimerCamUITests" */;
			buildPhases = (
				C7B23D022F5A50DF008E9B17 /* Sources */,
				C7B23D032F5A50DF008E9B17 /* Frameworks */,
				C7B23D042F5A50DF008E9B17 /* Resources */,
			);
			buildRules = (
			);
			dependencies = (
				C7B23D082F5A50DF008E9B17 /* PBXTargetDependency */,
			);
			fileSystemSynchronizedGroups = (
				C7B23D092F5A50DF008E9B17 /* OpenTimerCamUITests */,
			);
			name = OpenTimerCamUITests;
			packageProductDependencies = (
			);
			productName = OpenTimerCamUITests;
			productReference = C7B23D062F5A50DF008E9B17 /* OpenTimerCamUITests.xctest */;
			productType = "com.apple.product-type.bundle.ui-testing";
		};
/* End PBXNativeTarget section */

/* Begin PBXProject section */
		C7B23CE72F5A50DC008E9B17 /* Project object */ = {
			isa = PBXProject;
			attributes = {
				BuildIndependentTargetsInParallel = 1;
				LastSwiftUpdateCheck = 2630;
				LastUpgradeCheck = 2630;
				TargetAttributes = {
					C7B23CEE2F5A50DC008E9B17 = {
						CreatedOnToolsVersion = 26.3;
					};
					C7B23CFB2F5A50DF008E9B17 = {
						CreatedOnToolsVersion = 26.3;
						TestTargetID = C7B23CEE2F5A50DC008E9B17;
					};
					C7B23D052F5A50DF008E9B17 = {
						CreatedOnToolsVersion = 26.3;
						TestTargetID = C7B23CEE2F5A50DC008E9B17;
					};
				};
			};
			buildConfigurationList = C7B23CEA2F5A50DC008E9B17 /* Build configuration list for PBXProject "OpenTimerCam" */;
			developmentRegion = en;
			hasScannedForEncodings = 0;
			knownRegions = (
				en,
				Base,
			);
			mainGroup = C7B23CE62F5A50DC008E9B17;
			minimizedProjectReferenceProxies = 1;
			preferredProjectObjectVersion = 77;
			productRefGroup = C7B23CF02F5A50DC008E9B17 /* Products */;
			projectDirPath = "";
			projectRoot = "";
			targets = (
				C7B23CEE2F5A50DC008E9B17 /* OpenTimerCam */,
				C7B23CFB2F5A50DF008E9B17 /* OpenTimerCamTests */,
				C7B23D052F5A50DF008E9B17 /* OpenTimerCamUITests */,
			);
		};
/* End PBXProject section */

/* Begin PBXResourcesBuildPhase section */
		C7B23CED2F5A50DC008E9B17 /* Resources */ = {
			isa = PBXResourcesBuildPhase;
			buildActionMask = 2147483647;
			files = (
			);
			runOnlyForDeploymentPostprocessing = 0;
		};
		C7B23CFA2F5A50DF008E9B17 /* Resources */ = {
			isa = PBXResourcesBuildPhase;
			buildActionMask = 2147483647;
			files = (
			);
			runOnlyForDeploymentPostprocessing = 0;
		};
		C7B23D042F5A50DF008E9B17 /* Resources */ = {
			isa = PBXResourcesBuildPhase;
			buildActionMask = 2147483647;
			files = (
			);
			runOnlyForDeploymentPostprocessing = 0;
		};
/* End PBXResourcesBuildPhase section */

/* Begin PBXSourcesBuildPhase section */
		C7B23CEB2F5A50DC008E9B17 /* Sources */ = {
			isa = PBXSourcesBuildPhase;
			buildActionMask = 2147483647;
			files = (
			);
			runOnlyForDeploymentPostprocessing = 0;
		};
		C7B23CF82F5A50DF008E9B17 /* Sources */ = {
			isa = PBXSourcesBuildPhase;
			buildActionMask = 2147483647;
			files = (
			);
			runOnlyForDeploymentPostprocessing = 0;
		};
		C7B23D022F5A50DF008E9B17 /* Sources */ = {
			isa = PBXSourcesBuildPhase;
			buildActionMask = 2147483647;
			files = (
			);
			runOnlyForDeploymentPostprocessing = 0;
		};
/* End PBXSourcesBuildPhase section */

/* Begin PBXTargetDependency section */
		C7B23CFE2F5A50DF008E9B17 /* PBXTargetDependency */ = {
			isa = PBXTargetDependency;
			target = C7B23CEE2F5A50DC008E9B17 /* OpenTimerCam */;
			targetProxy = C7B23CFD2F5A50DF008E9B17 /* PBXContainerItemProxy */;
		};
		C7B23D082F5A50DF008E9B17 /* PBXTargetDependency */ = {
			isa = PBXTargetDependency;
			target = C7B23CEE2F5A50DC008E9B17 /* OpenTimerCam */;
			targetProxy = C7B23D072F5A50DF008E9B17 /* PBXContainerItemProxy */;
		};
/* End PBXTargetDependency section */

/* Begin XCBuildConfiguration section */
		C7B23D0E2F5A50DF008E9B17 /* Debug */ = {
			isa = XCBuildConfiguration;
			buildSettings = {
				ALWAYS_SEARCH_USER_PATHS = NO;
				ASSETCATALOG_COMPILER_GENERATE_SWIFT_ASSET_SYMBOL_EXTENSIONS = YES;
				CLANG_ANALYZER_NONNULL = YES;
				CLANG_ANALYZER_NUMBER_OBJECT_CONVERSION = YES_AGGRESSIVE;
				CLANG_CXX_LANGUAGE_STANDARD = "gnu++20";
				CLANG_ENABLE_MODULES = YES;
				CLANG_ENABLE_OBJC_ARC = YES;
				CLANG_ENABLE_OBJC_WEAK = YES;
				CLANG_WARN_BLOCK_CAPTURE_AUTORELEASING = YES;
				CLANG_WARN_BOOL_CONVERSION = YES;
				CLANG_WARN_COMMA = YES;
				CLANG_WARN_CONSTANT_CONVERSION = YES;
				CLANG_WARN_DEPRECATED_OBJC_IMPLEMENTATIONS = YES;
				CLANG_WARN_DIRECT_OBJC_ISA_USAGE = YES_ERROR;
				CLANG_WARN_DOCUMENTATION_COMMENTS = YES;
				CLANG_WARN_EMPTY_BODY = YES;
				CLANG_WARN_ENUM_CONVERSION = YES;
				CLANG_WARN_INFINITE_RECURSION = YES;
				CLANG_WARN_INT_CONVERSION = YES;
				CLANG_WARN_NON_LITERAL_NULL_CONVERSION = YES;
				CLANG_WARN_OBJC_IMPLICIT_RETAIN_SELF = YES;
				CLANG_WARN_OBJC_LITERAL_CONVERSION = YES;
				CLANG_WARN_OBJC_ROOT_CLASS = YES_ERROR;
				CLANG_WARN_QUOTED_INCLUDE_IN_FRAMEWORK_HEADER = YES;
				CLANG_WARN_RANGE_LOOP_ANALYSIS = YES;
				CLANG_WARN_STRICT_PROTOTYPES = YES;
				CLANG_WARN_SUSPICIOUS_MOVE = YES;
				CLANG_WARN_UNGUARDED_AVAILABILITY = YES_AGGRESSIVE;
				CLANG_WARN_UNREACHABLE_CODE = YES;
				CLANG_WARN__DUPLICATE_METHOD_MATCH = YES;
				COPY_PHASE_STRIP = NO;
				DEBUG_INFORMATION_FORMAT = dwarf;
				DEVELOPMENT_TEAM = RVL5WYLWT5;
				ENABLE_STRICT_OBJC_MSGSEND = YES;
				ENABLE_TESTABILITY = YES;
				ENABLE_USER_SCRIPT_SANDBOXING = YES;
				GCC_C_LANGUAGE_STANDARD = gnu17;
				GCC_DYNAMIC_NO_PIC = NO;
				GCC_NO_COMMON_BLOCKS = YES;
				GCC_OPTIMIZATION_LEVEL = 0;
				GCC_PREPROCESSOR_DEFINITIONS = (
					"DEBUG=1",
					"$(inherited)",
				);
				GCC_WARN_64_TO_32_BIT_CONVERSION = YES;
				GCC_WARN_ABOUT_RETURN_TYPE = YES_ERROR;
				GCC_WARN_UNDECLARED_SELECTOR = YES;
				GCC_WARN_UNINITIALIZED_AUTOS = YES_AGGRESSIVE;
				GCC_WARN_UNUSED_FUNCTION = YES;
				GCC_WARN_UNUSED_VARIABLE = YES;
				IPHONEOS_DEPLOYMENT_TARGET = 26.2;
				LOCALIZATION_PREFERS_STRING_CATALOGS = YES;
				MTL_ENABLE_DEBUG_INFO = INCLUDE_SOURCE;
				MTL_FAST_MATH = YES;
				ONLY_ACTIVE_ARCH = YES;
				SDKROOT = iphoneos;
				SWIFT_ACTIVE_COMPILATION_CONDITIONS = "DEBUG $(inherited)";
				SWIFT_OPTIMIZATION_LEVEL = "-Onone";
			};
			name = Debug;
		};
		C7B23D0F2F5A50DF008E9B17 /* Release */ = {
			isa = XCBuildConfiguration;
			buildSettings = {
				ALWAYS_SEARCH_USER_PATHS = NO;
				ASSETCATALOG_COMPILER_GENERATE_SWIFT_ASSET_SYMBOL_EXTENSIONS = YES;
				CLANG_ANALYZER_NONNULL = YES;
				CLANG_ANALYZER_NUMBER_OBJECT_CONVERSION = YES_AGGRESSIVE;
				CLANG_CXX_LANGUAGE_STANDARD = "gnu++20";
				CLANG_ENABLE_MODULES = YES;
				CLANG_ENABLE_OBJC_ARC = YES;
				CLANG_ENABLE_OBJC_WEAK = YES;
				CLANG_WARN_BLOCK_CAPTURE_AUTORELEASING = YES;
				CLANG_WARN_BOOL_CONVERSION = YES;
				CLANG_WARN_COMMA = YES;
				CLANG_WARN_CONSTANT_CONVERSION = YES;
				CLANG_WARN_DEPRECATED_OBJC_IMPLEMENTATIONS = YES;
				CLANG_WARN_DIRECT_OBJC_ISA_USAGE = YES_ERROR;
				CLANG_WARN_DOCUMENTATION_COMMENTS = YES;
				CLANG_WARN_EMPTY_BODY = YES;
				CLANG_WARN_ENUM_CONVERSION = YES;
				CLANG_WARN_INFINITE_RECURSION = YES;
				CLANG_WARN_INT_CONVERSION = YES;
				CLANG_WARN_NON_LITERAL_NULL_CONVERSION = YES;
				CLANG_WARN_OBJC_IMPLICIT_RETAIN_SELF = YES;
				CLANG_WARN_OBJC_LITERAL_CONVERSION = YES;
				CLANG_WARN_OBJC_ROOT_CLASS = YES_ERROR;
				CLANG_WARN_QUOTED_INCLUDE_IN_FRAMEWORK_HEADER = YES;
				CLANG_WARN_RANGE_LOOP_ANALYSIS = YES;
				CLANG_WARN_STRICT_PROTOTYPES = YES;
				CLANG_WARN_SUSPICIOUS_MOVE = YES;
				CLANG_WARN_UNGUARDED_AVAILABILITY = YES_AGGRESSIVE;
				CLANG_WARN_UNREACHABLE_CODE = YES;
				CLANG_WARN__DUPLICATE_METHOD_MATCH = YES;
				COPY_PHASE_STRIP = NO;
				DEBUG_INFORMATION_FORMAT = "dwarf-with-dsym";
				DEVELOPMENT_TEAM = RVL5WYLWT5;
				ENABLE_NS_ASSERTIONS = NO;
				ENABLE_STRICT_OBJC_MSGSEND = YES;
				ENABLE_USER_SCRIPT_SANDBOXING = YES;
				GCC_C_LANGUAGE_STANDARD = gnu17;
				GCC_NO_COMMON_BLOCKS = YES;
				GCC_WARN_64_TO_32_BIT_CONVERSION = YES;
				GCC_WARN_ABOUT_RETURN_TYPE = YES_ERROR;
				GCC_WARN_UNDECLARED_SELECTOR = YES;
				GCC_WARN_UNINITIALIZED_AUTOS = YES_AGGRESSIVE;
				GCC_WARN_UNUSED_FUNCTION = YES;
				GCC_WARN_UNUSED_VARIABLE = YES;
				IPHONEOS_DEPLOYMENT_TARGET = 26.2;
				LOCALIZATION_PREFERS_STRING_CATALOGS = YES;
				MTL_ENABLE_DEBUG_INFO = NO;
				MTL_FAST_MATH = YES;
				SDKROOT = iphoneos;
				SWIFT_COMPILATION_MODE = wholemodule;
				VALIDATE_PRODUCT = YES;
			};
			name = Release;
		};
		C7B23D112F5A50DF008E9B17 /* Debug */ = {
			isa = XCBuildConfiguration;
			buildSettings = {
				ASSETCATALOG_COMPILER_APPICON_NAME = AppIcon;
				ASSETCATALOG_COMPILER_GLOBAL_ACCENT_COLOR_NAME = AccentColor;
				CODE_SIGN_STYLE = Automatic;
				CURRENT_PROJECT_VERSION = 1;
				DEVELOPMENT_TEAM = RVL5WYLWT5;
				ENABLE_PREVIEWS = YES;
				GENERATE_INFOPLIST_FILE = YES;
				INFOPLIST_KEY_UIApplicationSceneManifest_Generation = YES;
				INFOPLIST_KEY_UIApplicationSupportsIndirectInputEvents = YES;
				INFOPLIST_KEY_UILaunchScreen_Generation = YES;
				INFOPLIST_KEY_UISupportedInterfaceOrientations_iPad = "UIInterfaceOrientationPortrait UIInterfaceOrientationPortraitUpsideDown UIInterfaceOrientationLandscapeLeft UIInterfaceOrientationLandscapeRight";
				INFOPLIST_KEY_UISupportedInterfaceOrientations_iPhone = "UIInterfaceOrientationPortrait UIInterfaceOrientationLandscapeLeft UIInterfaceOrientationLandscapeRight";
				LD_RUNPATH_SEARCH_PATHS = (
					"$(inherited)",
					"@executable_path/Frameworks",
				);
				MARKETING_VERSION = 1.0;
				PRODUCT_BUNDLE_IDENTIFIER = com.eriklach.OpenTimerCam;
				PRODUCT_NAME = "$(TARGET_NAME)";
				STRING_CATALOG_GENERATE_SYMBOLS = YES;
				SWIFT_APPROACHABLE_CONCURRENCY = YES;
				SWIFT_DEFAULT_ACTOR_ISOLATION = MainActor;
				SWIFT_EMIT_LOC_STRINGS = YES;
				SWIFT_UPCOMING_FEATURE_MEMBER_IMPORT_VISIBILITY = YES;
				SWIFT_VERSION = 5.0;
				TARGETED_DEVICE_FAMILY = "1,2";
			};
			name = Debug;
		};
		C7B23D122F5A50DF008E9B17 /* Release */ = {
			isa = XCBuildConfiguration;
			buildSettings = {
				ASSETCATALOG_COMPILER_APPICON_NAME = AppIcon;
				ASSETCATALOG_COMPILER_GLOBAL_ACCENT_COLOR_NAME = AccentColor;
				CODE_SIGN_STYLE = Automatic;
				CURRENT_PROJECT_VERSION = 1;
				DEVELOPMENT_TEAM = RVL5WYLWT5;
				ENABLE_PREVIEWS = YES;
				GENERATE_INFOPLIST_FILE = YES;
				INFOPLIST_KEY_UIApplicationSceneManifest_Generation = YES;
				INFOPLIST_KEY_UIApplicationSupportsIndirectInputEvents = YES;
				INFOPLIST_KEY_UILaunchScreen_Generation = YES;
				INFOPLIST_KEY_UISupportedInterfaceOrientations_iPad = "UIInterfaceOrientationPortrait UIInterfaceOrientationPortraitUpsideDown UIInterfaceOrientationLandscapeLeft UIInterfaceOrientationLandscapeRight";
				INFOPLIST_KEY_UISupportedInterfaceOrientations_iPhone = "UIInterfaceOrientationPortrait UIInterfaceOrientationLandscapeLeft UIInterfaceOrientationLandscapeRight";
				LD_RUNPATH_SEARCH_PATHS = (
					"$(inherited)",
					"@executable_path/Frameworks",
				);
				MARKETING_VERSION = 1.0;
				PRODUCT_BUNDLE_IDENTIFIER = com.eriklach.OpenTimerCam;
				PRODUCT_NAME = "$(TARGET_NAME)";
				STRING_CATALOG_GENERATE_SYMBOLS = YES;
				SWIFT_APPROACHABLE_CONCURRENCY = YES;
				SWIFT_DEFAULT_ACTOR_ISOLATION = MainActor;
				SWIFT_EMIT_LOC_STRINGS = YES;
				SWIFT_UPCOMING_FEATURE_MEMBER_IMPORT_VISIBILITY = YES;
				SWIFT_VERSION = 5.0;
				TARGETED_DEVICE_FAMILY = "1,2";
			};
			name = Release;
		};
		C7B23D142F5A50DF008E9B17 /* Debug */ = {
			isa = XCBuildConfiguration;
			buildSettings = {
				BUNDLE_LOADER = "$(TEST_HOST)";
				CODE_SIGN_STYLE = Automatic;
				CURRENT_PROJECT_VERSION = 1;
				DEVELOPMENT_TEAM = RVL5WYLWT5;
				GENERATE_INFOPLIST_FILE = YES;
				IPHONEOS_DEPLOYMENT_TARGET = 26.2;
				MARKETING_VERSION = 1.0;
				PRODUCT_BUNDLE_IDENTIFIER = com.eriklach.OpenTimerCamTests;
				PRODUCT_NAME = "$(TARGET_NAME)";
				STRING_CATALOG_GENERATE_SYMBOLS = NO;
				SWIFT_APPROACHABLE_CONCURRENCY = YES;
				SWIFT_EMIT_LOC_STRINGS = NO;
				SWIFT_UPCOMING_FEATURE_MEMBER_IMPORT_VISIBILITY = YES;
				SWIFT_VERSION = 5.0;
				TARGETED_DEVICE_FAMILY = "1,2";
				TEST_HOST = "$(BUILT_PRODUCTS_DIR)/OpenTimerCam.app/$(BUNDLE_EXECUTABLE_FOLDER_PATH)/OpenTimerCam";
			};
			name = Debug;
		};
		C7B23D152F5A50DF008E9B17 /* Release */ = {
			isa = XCBuildConfiguration;
			buildSettings = {
				BUNDLE_LOADER = "$(TEST_HOST)";
				CODE_SIGN_STYLE = Automatic;
				CURRENT_PROJECT_VERSION = 1;
				DEVELOPMENT_TEAM = RVL5WYLWT5;
				GENERATE_INFOPLIST_FILE = YES;
				IPHONEOS_DEPLOYMENT_TARGET = 26.2;
				MARKETING_VERSION = 1.0;
				PRODUCT_BUNDLE_IDENTIFIER = com.eriklach.OpenTimerCamTests;
				PRODUCT_NAME = "$(TARGET_NAME)";
				STRING_CATALOG_GENERATE_SYMBOLS = NO;
				SWIFT_APPROACHABLE_CONCURRENCY = YES;
				SWIFT_EMIT_LOC_STRINGS = NO;
				SWIFT_UPCOMING_FEATURE_MEMBER_IMPORT_VISIBILITY = YES;
				SWIFT_VERSION = 5.0;
				TARGETED_DEVICE_FAMILY = "1,2";
				TEST_HOST = "$(BUILT_PRODUCTS_DIR)/OpenTimerCam.app/$(BUNDLE_EXECUTABLE_FOLDER_PATH)/OpenTimerCam";
			};
			name = Release;
		};
		C7B23D172F5A50DF008E9B17 /* Debug */ = {
			isa = XCBuildConfiguration;
			buildSettings = {
				CODE_SIGN_STYLE = Automatic;
				CURRENT_PROJECT_VERSION = 1;
				DEVELOPMENT_TEAM = RVL5WYLWT5;
				GENERATE_INFOPLIST_FILE = YES;
				MARKETING_VERSION = 1.0;
				PRODUCT_BUNDLE_IDENTIFIER = com.eriklach.OpenTimerCamUITests;
				PRODUCT_NAME = "$(TARGET_NAME)";
				STRING_CATALOG_GENERATE_SYMBOLS = NO;
				SWIFT_APPROACHABLE_CONCURRENCY = YES;
				SWIFT_EMIT_LOC_STRINGS = NO;
				SWIFT_UPCOMING_FEATURE_MEMBER_IMPORT_VISIBILITY = YES;
				SWIFT_VERSION = 5.0;
				TARGETED_DEVICE_FAMILY = "1,2";
				TEST_TARGET_NAME = OpenTimerCam;
			};
			name = Debug;
		};
		C7B23D182F5A50DF008E9B17 /* Release */ = {
			isa = XCBuildConfiguration;
			buildSettings = {
				CODE_SIGN_STYLE = Automatic;
				CURRENT_PROJECT_VERSION = 1;
				DEVELOPMENT_TEAM = RVL5WYLWT5;
				GENERATE_INFOPLIST_FILE = YES;
				MARKETING_VERSION = 1.0;
				PRODUCT_BUNDLE_IDENTIFIER = com.eriklach.OpenTimerCamUITests;
				PRODUCT_NAME = "$(TARGET_NAME)";
				STRING_CATALOG_GENERATE_SYMBOLS = NO;
				SWIFT_APPROACHABLE_CONCURRENCY = YES;
				SWIFT_EMIT_LOC_STRINGS = NO;
				SWIFT_UPCOMING_FEATURE_MEMBER_IMPORT_VISIBILITY = YES;
				SWIFT_VERSION = 5.0;
				TARGETED_DEVICE_FAMILY = "1,2";
				TEST_TARGET_NAME = OpenTimerCam;
			};
			name = Release;
		};
/* End XCBuildConfiguration section */

/* Begin XCConfigurationList section */
		C7B23CEA2F5A50DC008E9B17 /* Build configuration list for PBXProject "OpenTimerCam" */ = {
			isa = XCConfigurationList;
			buildConfigurations = (
				C7B23D0E2F5A50DF008E9B17 /* Debug */,
				C7B23D0F2F5A50DF008E9B17 /* Release */,
			);
			defaultConfigurationIsVisible = 0;
			defaultConfigurationName = Release;
		};
		C7B23D102F5A50DF008E9B17 /* Build configuration list for PBXNativeTarget "OpenTimerCam" */ = {
			isa = XCConfigurationList;
			buildConfigurations = (
				C7B23D112F5A50DF008E9B17 /* Debug */,
				C7B23D122F5A50DF008E9B17 /* Release */,
			);
			defaultConfigurationIsVisible = 0;
			defaultConfigurationName = Release;
		};
		C7B23D132F5A50DF008E9B17 /* Build configuration list for PBXNativeTarget "OpenTimerCamTests" */ = {
			isa = XCConfigurationList;
			buildConfigurations = (
				C7B23D142F5A50DF008E9B17 /* Debug */,
				C7B23D152F5A50DF008E9B17 /* Release */,
			);
			defaultConfigurationIsVisible = 0;
			defaultConfigurationName = Release;
		};
		C7B23D162F5A50DF008E9B17 /* Build configuration list for PBXNativeTarget "OpenTimerCamUITests" */ = {
			isa = XCConfigurationList;
			buildConfigurations = (
				C7B23D172F5A50DF008E9B17 /* Debug */,
				C7B23D182F5A50DF008E9B17 /* Release */,
			);
			defaultConfigurationIsVisible = 0;
			defaultConfigurationName = Release;
		};
/* End XCConfigurationList section */
	};
	rootObject = C7B23CE72F5A50DC008E9B17 /* Project object */;
}
